
Microsoft Visual Studio Solution File, Format Version 12.00
# Visual Studio Version 16
VisualStudioVersion = 16.0.31321.278
MinimumVisualStudioVersion = 10.0.40219.1
Project("{FAE04EC0-301F-11D3-BF4B-00C04F79EFBC}") = "App", "App\App.csproj", "{36672C83-684B-402C-B146-E842C1ABAE10}"
EndProject
Global
	GlobalSection(SolutionConfigurationPlatforms) = preSolution
		Debug|Any CPU = Debug|Any CPU
		Release|Any CPU = Release|Any CPU
	EndGlobalSection
	GlobalSection(ProjectConfigurationPlatforms) = postSolution
		{36672C83-684B-402C-B146-E842C1ABAE10}.Debug|Any CPU.ActiveCfg = Debug|Any CPU
		{36672C83-684B-402C-B146-E842C1ABAE10}.Debug|Any CPU.Build.0 = Debug|Any CPU
		{36672C83-684B-402C-B146-E842C1ABAE10}.Release|Any CPU.ActiveCfg = Release|Any CPU
		{36672C83-684B-402C-B146-E842C1ABAE10}.Release|Any CPU.Build.0 = Release|Any CPU
	EndGlobalSection
	GlobalSection(SolutionProperties) = preSolution
		HideSolutionNode = FALSE
	EndGlobalSection
	GlobalSection(ExtensibilityGlobals) = postSolution
		SolutionGuid = {1A0EA8AA-216E-487F-9759-FFCEB577B6F2}
	EndGlobalSection
EndGlobal
